
Microsoft Visual Studio Solution File, Format Version 12.00
Project("{2150E333-8FDC-42A3-9474-1A3956D46DE8}") = "App", "App", "{A451F799-95A9-4803-9958-4A6A0E239208}"
EndProject
Project("{FAE04EC0-301F-11D3-BF4B-00C04F79EFBC}") = "AppTemplate.App.Web.Angular", "App\AppTemplate.App.Web.Angular\AppTemplate.App.Web.Angular.csproj", "{5EF98BC8-8811-4CCB-AA8A-7202754F49E1}"
EndProject
Project("{2150E333-8FDC-42A3-9474-1A3956D46DE8}") = "Core", "Core", "{7F2543C1-BEC6-4E23-95AD-622C93DADC18}"
EndProject
Project("{FAE04EC0-301F-11D3-BF4B-00C04F79EFBC}") = "Core.Web", "Core\Core.Web\Core.Web.csproj", "{C475BBA9-4DAE-454B-BB3D-C94A06EAF175}"
EndProject
Project("{FAE04EC0-301F-11D3-BF4B-00C04F79EFBC}") = "Core.Database", "Core\Core.Database\Core.Database.csproj", "{7615DF2C-F15D-4A8C-9EAA-F4F279F1808D}"
EndProject
Project("{FAE04EC0-301F-11D3-BF4B-00C04F79EFBC}") = "Core.Tests", "Core\Core.Tests\Core.Tests.csproj", "{B9B6A555-C1D4-4B5A-9F3C-934B67AB3080}"
EndProject
Project("{FAE04EC0-301F-11D3-BF4B-00C04F79EFBC}") = "Core.App", "Core\Core.App\Core.App.csproj", "{83527607-3CD2-4B43-930C-DE70C409AD07}"
EndProject
Project("{2150E333-8FDC-42A3-9474-1A3956D46DE8}") = "Solution Items", "Solution Items", "{433CCFEB-B88E-4CF6-9D7A-7FB27341BBFC}"
ProjectSection(SolutionItems) = preProject
	README.md = README.md
	global.json = global.json
EndProjectSection
EndProject
Project("{2150E333-8FDC-42A3-9474-1A3956D46DE8}") = "Users", "Users", "{9FBABD1D-9A95-4CA9-BE85-DC16B4D70059}"
EndProject
Project("{FAE04EC0-301F-11D3-BF4B-00C04F79EFBC}") = "AppTemplate.Users", "Users\AppTemplate.Users\AppTemplate.Users.csproj", "{2192D563-14A8-4FD4-9284-CE52161815F1}"
EndProject
Project("{FAE04EC0-301F-11D3-BF4B-00C04F79EFBC}") = "AppTemplate.Users.Database", "Users\AppTemplate.Users.Database\AppTemplate.Users.Database.csproj", "{C459D52B-94AD-4EF5-8EEB-8B552C9FABF2}"
EndProject
Project("{FAE04EC0-301F-11D3-BF4B-00C04F79EFBC}") = "AppTemplate.Users.Tests", "Users\AppTemplate.Users.Tests\AppTemplate.Users.Tests.csproj", "{DA9B0DEB-879B-4DAA-B6AC-63F6EEC8FA1F}"
EndProject
Project("{FAE04EC0-301F-11D3-BF4B-00C04F79EFBC}") = "AppTemplate.App.Database", "App\AppTemplate.App.Database\AppTemplate.App.Database.csproj", "{7ADCDD24-F208-4CAD-9666-5AE599CB532E}"
EndProject
Project("{FAE04EC0-301F-11D3-BF4B-00C04F79EFBC}") = "AppTemplate.App.Database.Migrations", "App\AppTemplate.App.Database.Migrations\AppTemplate.App.Database.Migrations.csproj", "{0C319C84-CAA3-4296-8AEA-F9E60A14ECFC}"
EndProject
Project("{FAE04EC0-301F-11D3-BF4B-00C04F79EFBC}") = "AppTemplate.App.Web.React", "App\AppTemplate.App.Web.React\AppTemplate.App.Web.React.csproj", "{CDCF19C1-0D87-4C6B-AFC2-CAB2EB088758}"
EndProject
Global
	GlobalSection(SolutionConfigurationPlatforms) = preSolution
		Debug|Any CPU = Debug|Any CPU
		Release|Any CPU = Release|Any CPU
	EndGlobalSection
	GlobalSection(NestedProjects) = preSolution
		{5EF98BC8-8811-4CCB-AA8A-7202754F49E1} = {A451F799-95A9-4803-9958-4A6A0E239208}
		{C475BBA9-4DAE-454B-BB3D-C94A06EAF175} = {7F2543C1-BEC6-4E23-95AD-622C93DADC18}
		{7615DF2C-F15D-4A8C-9EAA-F4F279F1808D} = {7F2543C1-BEC6-4E23-95AD-622C93DADC18}
		{B9B6A555-C1D4-4B5A-9F3C-934B67AB3080} = {7F2543C1-BEC6-4E23-95AD-622C93DADC18}
		{83527607-3CD2-4B43-930C-DE70C409AD07} = {7F2543C1-BEC6-4E23-95AD-622C93DADC18}
		{2192D563-14A8-4FD4-9284-CE52161815F1} = {9FBABD1D-9A95-4CA9-BE85-DC16B4D70059}
		{C459D52B-94AD-4EF5-8EEB-8B552C9FABF2} = {9FBABD1D-9A95-4CA9-BE85-DC16B4D70059}
		{DA9B0DEB-879B-4DAA-B6AC-63F6EEC8FA1F} = {9FBABD1D-9A95-4CA9-BE85-DC16B4D70059}
		{7ADCDD24-F208-4CAD-9666-5AE599CB532E} = {A451F799-95A9-4803-9958-4A6A0E239208}
		{0C319C84-CAA3-4296-8AEA-F9E60A14ECFC} = {A451F799-95A9-4803-9958-4A6A0E239208}
		{CDCF19C1-0D87-4C6B-AFC2-CAB2EB088758} = {A451F799-95A9-4803-9958-4A6A0E239208}
	EndGlobalSection
	GlobalSection(ProjectConfigurationPlatforms) = postSolution
		{5EF98BC8-8811-4CCB-AA8A-7202754F49E1}.Debug|Any CPU.ActiveCfg = Debug|Any CPU
		{5EF98BC8-8811-4CCB-AA8A-7202754F49E1}.Debug|Any CPU.Build.0 = Debug|Any CPU
		{5EF98BC8-8811-4CCB-AA8A-7202754F49E1}.Release|Any CPU.ActiveCfg = Release|Any CPU
		{5EF98BC8-8811-4CCB-AA8A-7202754F49E1}.Release|Any CPU.Build.0 = Release|Any CPU
		{C475BBA9-4DAE-454B-BB3D-C94A06EAF175}.Debug|Any CPU.ActiveCfg = Debug|Any CPU
		{C475BBA9-4DAE-454B-BB3D-C94A06EAF175}.Debug|Any CPU.Build.0 = Debug|Any CPU
		{C475BBA9-4DAE-454B-BB3D-C94A06EAF175}.Release|Any CPU.ActiveCfg = Release|Any CPU
		{C475BBA9-4DAE-454B-BB3D-C94A06EAF175}.Release|Any CPU.Build.0 = Release|Any CPU
		{7615DF2C-F15D-4A8C-9EAA-F4F279F1808D}.Debug|Any CPU.ActiveCfg = Debug|Any CPU
		{7615DF2C-F15D-4A8C-9EAA-F4F279F1808D}.Debug|Any CPU.Build.0 = Debug|Any CPU
		{7615DF2C-F15D-4A8C-9EAA-F4F279F1808D}.Release|Any CPU.ActiveCfg = Release|Any CPU
		{7615DF2C-F15D-4A8C-9EAA-F4F279F1808D}.Release|Any CPU.Build.0 = Release|Any CPU
		{B9B6A555-C1D4-4B5A-9F3C-934B67AB3080}.Debug|Any CPU.ActiveCfg = Debug|Any CPU
		{B9B6A555-C1D4-4B5A-9F3C-934B67AB3080}.Debug|Any CPU.Build.0 = Debug|Any CPU
		{B9B6A555-C1D4-4B5A-9F3C-934B67AB3080}.Release|Any CPU.ActiveCfg = Release|Any CPU
		{B9B6A555-C1D4-4B5A-9F3C-934B67AB3080}.Release|Any CPU.Build.0 = Release|Any CPU
		{83527607-3CD2-4B43-930C-DE70C409AD07}.Debug|Any CPU.ActiveCfg = Debug|Any CPU
		{83527607-3CD2-4B43-930C-DE70C409AD07}.Debug|Any CPU.Build.0 = Debug|Any CPU
		{83527607-3CD2-4B43-930C-DE70C409AD07}.Release|Any CPU.ActiveCfg = Release|Any CPU
		{83527607-3CD2-4B43-930C-DE70C409AD07}.Release|Any CPU.Build.0 = Release|Any CPU
		{2192D563-14A8-4FD4-9284-CE52161815F1}.Debug|Any CPU.ActiveCfg = Debug|Any CPU
		{2192D563-14A8-4FD4-9284-CE52161815F1}.Debug|Any CPU.Build.0 = Debug|Any CPU
		{2192D563-14A8-4FD4-9284-CE52161815F1}.Release|Any CPU.ActiveCfg = Release|Any CPU
		{2192D563-14A8-4FD4-9284-CE52161815F1}.Release|Any CPU.Build.0 = Release|Any CPU
		{C459D52B-94AD-4EF5-8EEB-8B552C9FABF2}.Debug|Any CPU.ActiveCfg = Debug|Any CPU
		{C459D52B-94AD-4EF5-8EEB-8B552C9FABF2}.Debug|Any CPU.Build.0 = Debug|Any CPU
		{C459D52B-94AD-4EF5-8EEB-8B552C9FABF2}.Release|Any CPU.ActiveCfg = Release|Any CPU
		{C459D52B-94AD-4EF5-8EEB-8B552C9FABF2}.Release|Any CPU.Build.0 = Release|Any CPU
		{DA9B0DEB-879B-4DAA-B6AC-63F6EEC8FA1F}.Debug|Any CPU.ActiveCfg = Debug|Any CPU
		{DA9B0DEB-879B-4DAA-B6AC-63F6EEC8FA1F}.Debug|Any CPU.Build.0 = Debug|Any CPU
		{DA9B0DEB-879B-4DAA-B6AC-63F6EEC8FA1F}.Release|Any CPU.ActiveCfg = Release|Any CPU
		{DA9B0DEB-879B-4DAA-B6AC-63F6EEC8FA1F}.Release|Any CPU.Build.0 = Release|Any CPU
		{7ADCDD24-F208-4CAD-9666-5AE599CB532E}.Debug|Any CPU.ActiveCfg = Debug|Any CPU
		{7ADCDD24-F208-4CAD-9666-5AE599CB532E}.Debug|Any CPU.Build.0 = Debug|Any CPU
		{7ADCDD24-F208-4CAD-9666-5AE599CB532E}.Release|Any CPU.ActiveCfg = Release|Any CPU
		{7ADCDD24-F208-4CAD-9666-5AE599CB532E}.Release|Any CPU.Build.0 = Release|Any CPU
		{0C319C84-CAA3-4296-8AEA-F9E60A14ECFC}.Debug|Any CPU.ActiveCfg = Debug|Any CPU
		{0C319C84-CAA3-4296-8AEA-F9E60A14ECFC}.Debug|Any CPU.Build.0 = Debug|Any CPU
		{0C319C84-CAA3-4296-8AEA-F9E60A14ECFC}.Release|Any CPU.ActiveCfg = Release|Any CPU
		{0C319C84-CAA3-4296-8AEA-F9E60A14ECFC}.Release|Any CPU.Build.0 = Release|Any CPU
		{CDCF19C1-0D87-4C6B-AFC2-CAB2EB088758}.Debug|Any CPU.ActiveCfg = Debug|Any CPU
		{CDCF19C1-0D87-4C6B-AFC2-CAB2EB088758}.Debug|Any CPU.Build.0 = Debug|Any CPU
		{CDCF19C1-0D87-4C6B-AFC2-CAB2EB088758}.Release|Any CPU.ActiveCfg = Release|Any CPU
		{CDCF19C1-0D87-4C6B-AFC2-CAB2EB088758}.Release|Any CPU.Build.0 = Release|Any CPU
	EndGlobalSection
EndGlobal
